
Microsoft Visual Studio Solution File, Format Version 12.00
# Visual Studio 15
VisualStudioVersion = 15.0.34829.251
MinimumVisualStudioVersion = 10.0.40219.1
Project("{FAE04EC0-301F-11D3-BF4B-00C04F79EFBC}") = "App", "App\App.csproj", "{5C4E7553-5DAA-42B9-9C62-5D1B71B17F9A}"
EndProject
Global
	GlobalSection(SolutionConfigurationPlatforms) = preSolution
		Debug|Any CPU = Debug|Any CPU
		Release|Any CPU = Release|Any CPU
	EndGlobalSection
	GlobalSection(ProjectConfigurationPlatforms) = postSolution
		{5C4E7553-5DAA-42B9-9C62-5D1B71B17F9A}.Debug|Any CPU.ActiveCfg = Debug|Any CPU
		{5C4E7553-5DAA-42B9-9C62-5D1B71B17F9A}.Debug|Any CPU.Build.0 = Debug|Any CPU
		{5C4E7553-5DAA-42B9-9C62-5D1B71B17F9A}.Release|Any CPU.ActiveCfg = Release|Any CPU
		{5C4E7553-5DAA-42B9-9C62-5D1B71B17F9A}.Release|Any CPU.Build.0 = Release|Any CPU
	EndGlobalSection
	GlobalSection(SolutionProperties) = preSolution
		HideSolutionNode = FALSE
	EndGlobalSection
	GlobalSection(ExtensibilityGlobals) = postSolution
		SolutionGuid = {2FEA5BD9-360A-4EFF-9147-F07F771D1BBD}
	EndGlobalSection
EndGlobal
